// !$*UTF8*$!
{
	archiveVersion = 1;
	classes = {
	};
	objectVersion = 51;
	objects = {

/* Begin PBXBuildFile section */
		7707344B23B01F6600E20095 /* RetrieveWeatherData.swift in Sources */ = {isa = PBXBuildFile; fileRef = 7707344A23B01F6600E20095 /* RetrieveWeatherData.swift */; };
		7707345023B0201600E20095 /* WeatherData.swift in Sources */ = {isa = PBXBuildFile; fileRef = 7707344F23B0201600E20095 /* WeatherData.swift */; };
		773584F223D938FA0030FCBF /* GoogleService-Info.plist in Resources */ = {isa = PBXBuildFile; fileRef = 773584F123D938FA0030FCBF /* GoogleService-Info.plist */; };
		773584F523D93FC90030FCBF /* AppDelegate+PushNotifications.swift in Sources */ = {isa = PBXBuildFile; fileRef = 773584F423D93FC90030FCBF /* AppDelegate+PushNotifications.swift */; };
		7735852623DCDBFB0030FCBF /* meow7.mp3 in Resources */ = {isa = PBXBuildFile; fileRef = 7735852323DCDBFB0030FCBF /* meow7.mp3 */; };
		7735852723DCDBFB0030FCBF /* meow3.mp3 in Resources */ = {isa = PBXBuildFile; fileRef = 7735852423DCDBFB0030FCBF /* meow3.mp3 */; };
		7735852823DCDBFB0030FCBF /* meow6.mp3 in Resources */ = {isa = PBXBuildFile; fileRef = 7735852523DCDBFB0030FCBF /* meow6.mp3 */; };
		7735852C23DCE2460030FCBF /* meow1.mp3 in Resources */ = {isa = PBXBuildFile; fileRef = 7735852923DCE2460030FCBF /* meow1.mp3 */; };
		7735852D23DCE2460030FCBF /* meow2.mp3 in Resources */ = {isa = PBXBuildFile; fileRef = 7735852A23DCE2460030FCBF /* meow2.mp3 */; };
		7735852E23DCE2460030FCBF /* meow5.mp3 in Resources */ = {isa = PBXBuildFile; fileRef = 7735852B23DCE2460030FCBF /* meow5.mp3 */; };
		7735853023DCE47C0030FCBF /* buttonClick.mp3 in Resources */ = {isa = PBXBuildFile; fileRef = 7735852F23DCE47C0030FCBF /* buttonClick.mp3 */; };
		7735853223DCE8650030FCBF /* whoosh.mp3 in Resources */ = {isa = PBXBuildFile; fileRef = 7735853123DCE8650030FCBF /* whoosh.mp3 */; };
		7735853E23DD02CE0030FCBF /* AmaticSC-Bold.ttf in Resources */ = {isa = PBXBuildFile; fileRef = 7735853B23DD01E20030FCBF /* AmaticSC-Bold.ttf */; };
		7735853F23DD02E70030FCBF /* AmaticSC-Regular.ttf in Resources */ = {isa = PBXBuildFile; fileRef = 7735853C23DD01E20030FCBF /* AmaticSC-Regular.ttf */; };
		7735854023DD02EB0030FCBF /* OpenSansCondensed-Bold.ttf in Resources */ = {isa = PBXBuildFile; fileRef = 7735853D23DD01E20030FCBF /* OpenSansCondensed-Bold.ttf */; };
		7735854123DD02EB0030FCBF /* OpenSansCondensed-Light.ttf in Resources */ = {isa = PBXBuildFile; fileRef = 7735853923DD01E20030FCBF /* OpenSansCondensed-Light.ttf */; };
		7735854223DD02EB0030FCBF /* OpenSansCondensed-LightItalic.ttf in Resources */ = {isa = PBXBuildFile; fileRef = 7735853A23DD01E20030FCBF /* OpenSansCondensed-LightItalic.ttf */; };
		7761CE1523CA4D33008DE6DE /* RetrieveCatOutfits.swift in Sources */ = {isa = PBXBuildFile; fileRef = 7761CE1423CA4D33008DE6DE /* RetrieveCatOutfits.swift */; };
		7761CE1823CBCE94008DE6DE /* UIViewExtension.swift in Sources */ = {isa = PBXBuildFile; fileRef = 7761CE1723CBCE94008DE6DE /* UIViewExtension.swift */; };
		7761CE1A23CBCF0C008DE6DE /* UIImageViewExtension.swift in Sources */ = {isa = PBXBuildFile; fileRef = 7761CE1923CBCF0C008DE6DE /* UIImageViewExtension.swift */; };
		7761CE1C23CEBA93008DE6DE /* Gif+Swift.swift in Sources */ = {isa = PBXBuildFile; fileRef = 7761CE1B23CEBA93008DE6DE /* Gif+Swift.swift */; };
		7761CE1F23CEBDB1008DE6DE /* rain.gif in Resources */ = {isa = PBXBuildFile; fileRef = 7761CE1E23CEBDB0008DE6DE /* rain.gif */; };
		77FBD69223A822CE00F91A8C /* AppDelegate.swift in Sources */ = {isa = PBXBuildFile; fileRef = 77FBD69123A822CE00F91A8C /* AppDelegate.swift */; };
		77FBD69423A822CE00F91A8C /* SceneDelegate.swift in Sources */ = {isa = PBXBuildFile; fileRef = 77FBD69323A822CE00F91A8C /* SceneDelegate.swift */; };
		77FBD69623A822CE00F91A8C /* ViewController.swift in Sources */ = {isa = PBXBuildFile; fileRef = 77FBD69523A822CE00F91A8C /* ViewController.swift */; };
		77FBD69923A822CE00F91A8C /* Main.storyboard in Resources */ = {isa = PBXBuildFile; fileRef = 77FBD69723A822CE00F91A8C /* Main.storyboard */; };
		77FBD69B23A822D200F91A8C /* Assets.xcassets in Resources */ = {isa = PBXBuildFile; fileRef = 77FBD69A23A822D200F91A8C /* Assets.xcassets */; };
		77FBD69E23A822D200F91A8C /* LaunchScreen.storyboard in Resources */ = {isa = PBXBuildFile; fileRef = 77FBD69C23A822D200F91A8C /* LaunchScreen.storyboard */; };
		EBDF6E19C61C23E95532AE3A /* Pods_WeatherCats.framework in Frameworks */ = {isa = PBXBuildFile; fileRef = 91880313867C32D30A15A062 /* Pods_WeatherCats.framework */; };
/* End PBXBuildFile section */

/* Begin PBXFileReference section */
		487AE82A9FDFF6A9EDD72C0C /* Pods-WeatherCats.release.xcconfig */ = {isa = PBXFileReference; includeInIndex = 1; lastKnownFileType = text.xcconfig; name = "Pods-WeatherCats.release.xcconfig"; path = "Target Support Files/Pods-WeatherCats/Pods-WeatherCats.release.xcconfig"; sourceTree = "<group>"; };
		6EB3AF569AF7A2AAAF51227F /* Pods-WeatherCats.debug.xcconfig */ = {isa = PBXFileReference; includeInIndex = 1; lastKnownFileType = text.xcconfig; name = "Pods-WeatherCats.debug.xcconfig"; path = "Target Support Files/Pods-WeatherCats/Pods-WeatherCats.debug.xcconfig"; sourceTree = "<group>"; };
		7707344A23B01F6600E20095 /* RetrieveWeatherData.swift */ = {isa = PBXFileReference; lastKnownFileType = sourcecode.swift; path = RetrieveWeatherData.swift; sourceTree = "<group>"; };
		7707344F23B0201600E20095 /* WeatherData.swift */ = {isa = PBXFileReference; lastKnownFileType = sourcecode.swift; path = WeatherData.swift; sourceTree = "<group>"; };
		773584F123D938FA0030FCBF /* GoogleService-Info.plist */ = {isa = PBXFileReference; fileEncoding = 4; lastKnownFileType = text.plist.xml; name = "GoogleService-Info.plist"; path = "../../../Downloads/GoogleService-Info.plist"; sourceTree = "<group>"; };
		773584F323D93F4F0030FCBF /* WeatherCats.entitlements */ = {isa = PBXFileReference; lastKnownFileType = text.plist.entitlements; path = WeatherCats.entitlements; sourceTree = "<group>"; };
		773584F423D93FC90030FCBF /* AppDelegate+PushNotifications.swift */ = {isa = PBXFileReference; lastKnownFileType = sourcecode.swift; path = "AppDelegate+PushNotifications.swift"; sourceTree = "<group>"; };
		7735852323DCDBFB0030FCBF /* meow7.mp3 */ = {isa = PBXFileReference; lastKnownFileType = audio.mp3; path = meow7.mp3; sourceTree = "<group>"; };
		7735852423DCDBFB0030FCBF /* meow3.mp3 */ = {isa = PBXFileReference; lastKnownFileType = audio.mp3; path = meow3.mp3; sourceTree = "<group>"; };
		7735852523DCDBFB0030FCBF /* meow6.mp3 */ = {isa = PBXFileReference; lastKnownFileType = audio.mp3; path = meow6.mp3; sourceTree = "<group>"; };
		7735852923DCE2460030FCBF /* meow1.mp3 */ = {isa = PBXFileReference; lastKnownFileType = audio.mp3; path = meow1.mp3; sourceTree = "<group>"; };
		7735852A23DCE2460030FCBF /* meow2.mp3 */ = {isa = PBXFileReference; lastKnownFileType = audio.mp3; path = meow2.mp3; sourceTree = "<group>"; };
		7735852B23DCE2460030FCBF /* meow5.mp3 */ = {isa = PBXFileReference; lastKnownFileType = audio.mp3; path = meow5.mp3; sourceTree = "<group>"; };
		7735852F23DCE47C0030FCBF /* buttonClick.mp3 */ = {isa = PBXFileReference; lastKnownFileType = audio.mp3; path = buttonClick.mp3; sourceTree = "<group>"; };
		7735853123DCE8650030FCBF /* whoosh.mp3 */ = {isa = PBXFileReference; lastKnownFileType = audio.mp3; path = whoosh.mp3; sourceTree = "<group>"; };
		7735853923DD01E20030FCBF /* OpenSansCondensed-Light.ttf */ = {isa = PBXFileReference; lastKnownFileType = file; path = "OpenSansCondensed-Light.ttf"; sourceTree = "<group>"; };
		7735853A23DD01E20030FCBF /* OpenSansCondensed-LightItalic.ttf */ = {isa = PBXFileReference; lastKnownFileType = file; path = "OpenSansCondensed-LightItalic.ttf"; sourceTree = "<group>"; };
		7735853B23DD01E20030FCBF /* AmaticSC-Bold.ttf */ = {isa = PBXFileReference; lastKnownFileType = file; path = "AmaticSC-Bold.ttf"; sourceTree = "<group>"; };
		7735853C23DD01E20030FCBF /* AmaticSC-Regular.ttf */ = {isa = PBXFileReference; lastKnownFileType = file; path = "AmaticSC-Regular.ttf"; sourceTree = "<group>"; };
		7735853D23DD01E20030FCBF /* OpenSansCondensed-Bold.ttf */ = {isa = PBXFileReference; lastKnownFileType = file; path = "OpenSansCondensed-Bold.ttf"; sourceTree = "<group>"; };
		7761CE1423CA4D33008DE6DE /* RetrieveCatOutfits.swift */ = {isa = PBXFileReference; lastKnownFileType = sourcecode.swift; path = RetrieveCatOutfits.swift; sourceTree = "<group>"; };
		7761CE1723CBCE94008DE6DE /* UIViewExtension.swift */ = {isa = PBXFileReference; lastKnownFileType = sourcecode.swift; path = UIViewExtension.swift; sourceTree = "<group>"; };
		7761CE1923CBCF0C008DE6DE /* UIImageViewExtension.swift */ = {isa = PBXFileReference; lastKnownFileType = sourcecode.swift; path = UIImageViewExtension.swift; sourceTree = "<group>"; };
		7761CE1B23CEBA93008DE6DE /* Gif+Swift.swift */ = {isa = PBXFileReference; lastKnownFileType = sourcecode.swift; path = "Gif+Swift.swift"; sourceTree = "<group>"; };
		7761CE1E23CEBDB0008DE6DE /* rain.gif */ = {isa = PBXFileReference; lastKnownFileType = image.gif; name = rain.gif; path = ../../../rain.gif; sourceTree = "<group>"; };
		77FBD68E23A822CE00F91A8C /* WeatherCats.app */ = {isa = PBXFileReference; explicitFileType = wrapper.application; includeInIndex = 0; path = WeatherCats.app; sourceTree = BUILT_PRODUCTS_DIR; };
		77FBD69123A822CE00F91A8C /* AppDelegate.swift */ = {isa = PBXFileReference; lastKnownFileType = sourcecode.swift; path = AppDelegate.swift; sourceTree = "<group>"; };
		77FBD69323A822CE00F91A8C /* SceneDelegate.swift */ = {isa = PBXFileReference; lastKnownFileType = sourcecode.swift; path = SceneDelegate.swift; sourceTree = "<group>"; };
		77FBD69523A822CE00F91A8C /* ViewController.swift */ = {isa = PBXFileReference; lastKnownFileType = sourcecode.swift; path = ViewController.swift; sourceTree = "<group>"; };
		77FBD69823A822CE00F91A8C /* Base */ = {isa = PBXFileReference; lastKnownFileType = file.storyboard; name = Base; path = Base.lproj/Main.storyboard; sourceTree = "<group>"; };
		77FBD69A23A822D200F91A8C /* Assets.xcassets */ = {isa = PBXFileReference; lastKnownFileType = folder.assetcatalog; path = Assets.xcassets; sourceTree = "<group>"; };
		77FBD69D23A822D200F91A8C /* Base */ = {isa = PBXFileReference; lastKnownFileType = file.storyboard; name = Base; path = Base.lproj/LaunchScreen.storyboard; sourceTree = "<group>"; };
		77FBD69F23A822D200F91A8C /* Info.plist */ = {isa = PBXFileReference; lastKnownFileType = text.plist.xml; path = Info.plist; sourceTree = "<group>"; };
		91880313867C32D30A15A062 /* Pods_WeatherCats.framework */ = {isa = PBXFileReference; explicitFileType = wrapper.framework; includeInIndex = 0; path = Pods_WeatherCats.framework; sourceTree = BUILT_PRODUCTS_DIR; };
/* End PBXFileReference section */

/* Begin PBXFrameworksBuildPhase section */
		77FBD68B23A822CE00F91A8C /* Frameworks */ = {
			isa = PBXFrameworksBuildPhase;
			buildActionMask = 2147483647;
			files = (
				EBDF6E19C61C23E95532AE3A /* Pods_WeatherCats.framework in Frameworks */,
			);
			runOnlyForDeploymentPostprocessing = 0;
		};
/* End PBXFrameworksBuildPhase section */

/* Begin PBXGroup section */
		2AF8D2C00FD27BC2D3CE63A4 /* Pods */ = {
			isa = PBXGroup;
			children = (
				6EB3AF569AF7A2AAAF51227F /* Pods-WeatherCats.debug.xcconfig */,
				487AE82A9FDFF6A9EDD72C0C /* Pods-WeatherCats.release.xcconfig */,
			);
			path = Pods;
			sourceTree = "<group>";
		};
		7707344723B01F1900E20095 /* Controller */ = {
			isa = PBXGroup;
			children = (
				77FBD69523A822CE00F91A8C /* ViewController.swift */,
			);
			path = Controller;
			sourceTree = "<group>";
		};
		7707344823B01F2300E20095 /* View */ = {
			isa = PBXGroup;
			children = (
			);
			path = View;
			sourceTree = "<group>";
		};
		7707344923B01F2E00E20095 /* Model */ = {
			isa = PBXGroup;
			children = (
				7707344A23B01F6600E20095 /* RetrieveWeatherData.swift */,
				7707344F23B0201600E20095 /* WeatherData.swift */,
				7761CE1423CA4D33008DE6DE /* RetrieveCatOutfits.swift */,
			);
			path = Model;
			sourceTree = "<group>";
		};
		773584F823DBEF670030FCBF /* Sounds */ = {
			isa = PBXGroup;
			children = (
				7735853123DCE8650030FCBF /* whoosh.mp3 */,
				7735852F23DCE47C0030FCBF /* buttonClick.mp3 */,
				7735852923DCE2460030FCBF /* meow1.mp3 */,
				7735852A23DCE2460030FCBF /* meow2.mp3 */,
				7735852B23DCE2460030FCBF /* meow5.mp3 */,
				7735852423DCDBFB0030FCBF /* meow3.mp3 */,
				7735852523DCDBFB0030FCBF /* meow6.mp3 */,
				7735852323DCDBFB0030FCBF /* meow7.mp3 */,
			);
			path = Sounds;
			sourceTree = "<group>";
		};
		7735853323DD016C0030FCBF /* Fonts */ = {
			isa = PBXGroup;
			children = (
				7735853B23DD01E20030FCBF /* AmaticSC-Bold.ttf */,
				7735853C23DD01E20030FCBF /* AmaticSC-Regular.ttf */,
				7735853D23DD01E20030FCBF /* OpenSansCondensed-Bold.ttf */,
				7735853923DD01E20030FCBF /* OpenSansCondensed-Light.ttf */,
				7735853A23DD01E20030FCBF /* OpenSansCondensed-LightItalic.ttf */,
			);
			path = Fonts;
			sourceTree = "<group>";
		};
		7761CE1623CBCE69008DE6DE /* Extensions */ = {
			isa = PBXGroup;
			children = (
				7761CE1723CBCE94008DE6DE /* UIViewExtension.swift */,
				7761CE1923CBCF0C008DE6DE /* UIImageViewExtension.swift */,
				7761CE1B23CEBA93008DE6DE /* Gif+Swift.swift */,
				773584F423D93FC90030FCBF /* AppDelegate+PushNotifications.swift */,
			);
			path = Extensions;
			sourceTree = "<group>";
		};
		7761CE1D23CEBDA4008DE6DE /* Gifs */ = {
			isa = PBXGroup;
			children = (
				7761CE1E23CEBDB0008DE6DE /* rain.gif */,
			);
			path = Gifs;
			sourceTree = "<group>";
		};
		77FBD68523A822CE00F91A8C = {
			isa = PBXGroup;
			children = (
				77FBD69023A822CE00F91A8C /* WeatherCats */,
				77FBD68F23A822CE00F91A8C /* Products */,
				2AF8D2C00FD27BC2D3CE63A4 /* Pods */,
				C1D4C91D8B4D293502B66857 /* Frameworks */,
			);
			sourceTree = "<group>";
		};
		77FBD68F23A822CE00F91A8C /* Products */ = {
			isa = PBXGroup;
			children = (
				77FBD68E23A822CE00F91A8C /* WeatherCats.app */,
			);
			name = Products;
			sourceTree = "<group>";
		};
		77FBD69023A822CE00F91A8C /* WeatherCats */ = {
			isa = PBXGroup;
			children = (
				7735853323DD016C0030FCBF /* Fonts */,
				773584F823DBEF670030FCBF /* Sounds */,
				773584F323D93F4F0030FCBF /* WeatherCats.entitlements */,
				7761CE1D23CEBDA4008DE6DE /* Gifs */,
				7761CE1623CBCE69008DE6DE /* Extensions */,
				7707344923B01F2E00E20095 /* Model */,
				7707344823B01F2300E20095 /* View */,
				7707344723B01F1900E20095 /* Controller */,
				77FBD69123A822CE00F91A8C /* AppDelegate.swift */,
				77FBD69323A822CE00F91A8C /* SceneDelegate.swift */,
				77FBD69723A822CE00F91A8C /* Main.storyboard */,
				77FBD69A23A822D200F91A8C /* Assets.xcassets */,
				77FBD69C23A822D200F91A8C /* LaunchScreen.storyboard */,
				77FBD69F23A822D200F91A8C /* Info.plist */,
				773584F123D938FA0030FCBF /* GoogleService-Info.plist */,
			);
			path = WeatherCats;
			sourceTree = "<group>";
		};
		C1D4C91D8B4D293502B66857 /* Frameworks */ = {
			isa = PBXGroup;
			children = (
				91880313867C32D30A15A062 /* Pods_WeatherCats.framework */,
			);
			name = Frameworks;
			sourceTree = "<group>";
		};
/* End PBXGroup section */

/* Begin PBXNativeTarget section */
		77FBD68D23A822CE00F91A8C /* WeatherCats */ = {
			isa = PBXNativeTarget;
			buildConfigurationList = 77FBD6A223A822D200F91A8C /* Build configuration list for PBXNativeTarget "WeatherCats" */;
			buildPhases = (
				FE50A21D670B79AF32C433A0 /* [CP] Check Pods Manifest.lock */,
				77FBD68A23A822CE00F91A8C /* Sources */,
				77FBD68B23A822CE00F91A8C /* Frameworks */,
				77FBD68C23A822CE00F91A8C /* Resources */,
				109D3219601570E4A4C44A61 /* [CP] Embed Pods Frameworks */,
			);
			buildRules = (
			);
			dependencies = (
			);
			name = WeatherCats;
			productName = WeatherCats;
			productReference = 77FBD68E23A822CE00F91A8C /* WeatherCats.app */;
			productType = "com.apple.product-type.application";
		};
/* End PBXNativeTarget section */

/* Begin PBXProject section */
		77FBD68623A822CE00F91A8C /* Project object */ = {
			isa = PBXProject;
			attributes = {
				LastSwiftUpdateCheck = 1110;
				LastUpgradeCheck = 1110;
				ORGANIZATIONNAME = "Mycah Krason";
				TargetAttributes = {
					77FBD68D23A822CE00F91A8C = {
						CreatedOnToolsVersion = 11.1;
					};
				};
			};
			buildConfigurationList = 77FBD68923A822CE00F91A8C /* Build configuration list for PBXProject "WeatherCats" */;
			compatibilityVersion = "Xcode 9.3";
			developmentRegion = en;
			hasScannedForEncodings = 0;
			knownRegions = (
				en,
				Base,
			);
			mainGroup = 77FBD68523A822CE00F91A8C;
			productRefGroup = 77FBD68F23A822CE00F91A8C /* Products */;
			projectDirPath = "";
			projectRoot = "";
			targets = (
				77FBD68D23A822CE00F91A8C /* WeatherCats */,
			);
		};
/* End PBXProject section */

/* Begin PBXResourcesBuildPhase section */
		77FBD68C23A822CE00F91A8C /* Resources */ = {
			isa = PBXResourcesBuildPhase;
			buildActionMask = 2147483647;
			files = (
				7735852C23DCE2460030FCBF /* meow1.mp3 in Resources */,
				7735852623DCDBFB0030FCBF /* meow7.mp3 in Resources */,
				7735853E23DD02CE0030FCBF /* AmaticSC-Bold.ttf in Resources */,
				77FBD69E23A822D200F91A8C /* LaunchScreen.storyboard in Resources */,
				7735854223DD02EB0030FCBF /* OpenSansCondensed-LightItalic.ttf in Resources */,
				7735852E23DCE2460030FCBF /* meow5.mp3 in Resources */,
				7735853F23DD02E70030FCBF /* AmaticSC-Regular.ttf in Resources */,
				77FBD69B23A822D200F91A8C /* Assets.xcassets in Resources */,
				773584F223D938FA0030FCBF /* GoogleService-Info.plist in Resources */,
				7735852723DCDBFB0030FCBF /* meow3.mp3 in Resources */,
				7735852823DCDBFB0030FCBF /* meow6.mp3 in Resources */,
				77FBD69923A822CE00F91A8C /* Main.storyboard in Resources */,
				7735854123DD02EB0030FCBF /* OpenSansCondensed-Light.ttf in Resources */,
				7761CE1F23CEBDB1008DE6DE /* rain.gif in Resources */,
				7735853223DCE8650030FCBF /* whoosh.mp3 in Resources */,
				7735852D23DCE2460030FCBF /* meow2.mp3 in Resources */,
				7735854023DD02EB0030FCBF /* OpenSansCondensed-Bold.ttf in Resources */,
				7735853023DCE47C0030FCBF /* buttonClick.mp3 in Resources */,
			);
			runOnlyForDeploymentPostprocessing = 0;
		};
/* End PBXResourcesBuildPhase section */

/* Begin PBXShellScriptBuildPhase section */
		109D3219601570E4A4C44A61 /* [CP] Embed Pods Frameworks */ = {
			isa = PBXShellScriptBuildPhase;
			buildActionMask = 2147483647;
			files = (
			);
			inputFileListPaths = (
				"${PODS_ROOT}/Target Support Files/Pods-WeatherCats/Pods-WeatherCats-frameworks-${CONFIGURATION}-input-files.xcfilelist",
			);
			name = "[CP] Embed Pods Frameworks";
			outputFileListPaths = (
				"${PODS_ROOT}/Target Support Files/Pods-WeatherCats/Pods-WeatherCats-frameworks-${CONFIGURATION}-output-files.xcfilelist",
			);
			runOnlyForDeploymentPostprocessing = 0;
			shellPath = /bin/sh;
			shellScript = "\"${PODS_ROOT}/Target Support Files/Pods-WeatherCats/Pods-WeatherCats-frameworks.sh\"\n";
			showEnvVarsInLog = 0;
		};
		FE50A21D670B79AF32C433A0 /* [CP] Check Pods Manifest.lock */ = {
			isa = PBXShellScriptBuildPhase;
			buildActionMask = 2147483647;
			files = (
			);
			inputFileListPaths = (
			);
			inputPaths = (
				"${PODS_PODFILE_DIR_PATH}/Podfile.lock",
				"${PODS_ROOT}/Manifest.lock",
			);
			name = "[CP] Check Pods Manifest.lock";
			outputFileListPaths = (
			);
			outputPaths = (
				"$(DERIVED_FILE_DIR)/Pods-WeatherCats-checkManifestLockResult.txt",
			);
			runOnlyForDeploymentPostprocessing = 0;
			shellPath = /bin/sh;
			shellScript = "diff \"${PODS_PODFILE_DIR_PATH}/Podfile.lock\" \"${PODS_ROOT}/Manifest.lock\" > /dev/null\nif [ $? != 0 ] ; then\n    # print error to STDERR\n    echo \"error: The sandbox is not in sync with the Podfile.lock. Run 'pod install' or update your CocoaPods installation.\" >&2\n    exit 1\nfi\n# This output is used by Xcode 'outputs' to avoid re-running this script phase.\necho \"SUCCESS\" > \"${SCRIPT_OUTPUT_FILE_0}\"\n";
			showEnvVarsInLog = 0;
		};
/* End PBXShellScriptBuildPhase section */

/* Begin PBXSourcesBuildPhase section */
		77FBD68A23A822CE00F91A8C /* Sources */ = {
			isa = PBXSourcesBuildPhase;
			buildActionMask = 2147483647;
			files = (
				7707344B23B01F6600E20095 /* RetrieveWeatherData.swift in Sources */,
				7707345023B0201600E20095 /* WeatherData.swift in Sources */,
				77FBD69623A822CE00F91A8C /* ViewController.swift in Sources */,
				7761CE1523CA4D33008DE6DE /* RetrieveCatOutfits.swift in Sources */,
				7761CE1823CBCE94008DE6DE /* UIViewExtension.swift in Sources */,
				7761CE1C23CEBA93008DE6DE /* Gif+Swift.swift in Sources */,
				77FBD69223A822CE00F91A8C /* AppDelegate.swift in Sources */,
				773584F523D93FC90030FCBF /* AppDelegate+PushNotifications.swift in Sources */,
				7761CE1A23CBCF0C008DE6DE /* UIImageViewExtension.swift in Sources */,
				77FBD69423A822CE00F91A8C /* SceneDelegate.swift in Sources */,
			);
			runOnlyForDeploymentPostprocessing = 0;
		};
/* End PBXSourcesBuildPhase section */

/* Begin PBXVariantGroup section */
		77FBD69723A822CE00F91A8C /* Main.storyboard */ = {
			isa = PBXVariantGroup;
			children = (
				77FBD69823A822CE00F91A8C /* Base */,
			);
			name = Main.storyboard;
			sourceTree = "<group>";
		};
		77FBD69C23A822D200F91A8C /* LaunchScreen.storyboard */ = {
			isa = PBXVariantGroup;
			children = (
				77FBD69D23A822D200F91A8C /* Base */,
			);
			name = LaunchScreen.storyboard;
			sourceTree = "<group>";
		};
/* End PBXVariantGroup section */

/* Begin XCBuildConfiguration section */
		77FBD6A023A822D200F91A8C /* Debug */ = {
			isa = XCBuildConfiguration;
			buildSettings = {
				ALWAYS_SEARCH_USER_PATHS = NO;
				CLANG_ANALYZER_NONNULL = YES;
				CLANG_ANALYZER_NUMBER_OBJECT_CONVERSION = YES_AGGRESSIVE;
				CLANG_CXX_LANGUAGE_STANDARD = "gnu++14";
				CLANG_CXX_LIBRARY = "libc++";
				CLANG_ENABLE_MODULES = YES;
				CLANG_ENABLE_OBJC_ARC = YES;
				CLANG_ENABLE_OBJC_WEAK = YES;
				CLANG_WARN_BLOCK_CAPTURE_AUTORELEASING = YES;
				CLANG_WARN_BOOL_CONVERSION = YES;
				CLANG_WARN_COMMA = YES;
				CLANG_WARN_CONSTANT_CONVERSION = YES;
				CLANG_WARN_DEPRECATED_OBJC_IMPLEMENTATIONS = YES;
				CLANG_WARN_DIRECT_OBJC_ISA_USAGE = YES_ERROR;
				CLANG_WARN_DOCUMENTATION_COMMENTS = YES;
				CLANG_WARN_EMPTY_BODY = YES;
				CLANG_WARN_ENUM_CONVERSION = YES;
				CLANG_WARN_INFINITE_RECURSION = YES;
				CLANG_WARN_INT_CONVERSION = YES;
				CLANG_WARN_NON_LITERAL_NULL_CONVERSION = YES;
				CLANG_WARN_OBJC_IMPLICIT_RETAIN_SELF = YES;
				CLANG_WARN_OBJC_LITERAL_CONVERSION = YES;
				CLANG_WARN_OBJC_ROOT_CLASS = YES_ERROR;
				CLANG_WARN_RANGE_LOOP_ANALYSIS = YES;
				CLANG_WARN_STRICT_PROTOTYPES = YES;
				CLANG_WARN_SUSPICIOUS_MOVE = YES;
				CLANG_WARN_UNGUARDED_AVAILABILITY = YES_AGGRESSIVE;
				CLANG_WARN_UNREACHABLE_CODE = YES;
				CLANG_WARN__DUPLICATE_METHOD_MATCH = YES;
				COPY_PHASE_STRIP = NO;
				DEBUG_INFORMATION_FORMAT = dwarf;
				ENABLE_STRICT_OBJC_MSGSEND = YES;
				ENABLE_TESTABILITY = YES;
				GCC_C_LANGUAGE_STANDARD = gnu11;
				GCC_DYNAMIC_NO_PIC = NO;
				GCC_NO_COMMON_BLOCKS = YES;
				GCC_OPTIMIZATION_LEVEL = 0;
				GCC_PREPROCESSOR_DEFINITIONS = (
					"DEBUG=1",
					"$(inherited)",
				);
				GCC_WARN_64_TO_32_BIT_CONVERSION = YES;
				GCC_WARN_ABOUT_RETURN_TYPE = YES_ERROR;
				GCC_WARN_UNDECLARED_SELECTOR = YES;
				GCC_WARN_UNINITIALIZED_AUTOS = YES_AGGRESSIVE;
				GCC_WARN_UNUSED_FUNCTION = YES;
				GCC_WARN_UNUSED_VARIABLE = YES;
				IPHONEOS_DEPLOYMENT_TARGET = 13.1;
				MTL_ENABLE_DEBUG_INFO = INCLUDE_SOURCE;
				MTL_FAST_MATH = YES;
				ONLY_ACTIVE_ARCH = YES;
				SDKROOT = iphoneos;
				SWIFT_ACTIVE_COMPILATION_CONDITIONS = DEBUG;
				SWIFT_OPTIMIZATION_LEVEL = "-Onone";
			};
			name = Debug;
		};
		77FBD6A123A822D200F91A8C /* Release */ = {
			isa = XCBuildConfiguration;
			buildSettings = {
				ALWAYS_SEARCH_USER_PATHS = NO;
				CLANG_ANALYZER_NONNULL = YES;
				CLANG_ANALYZER_NUMBER_OBJECT_CONVERSION = YES_AGGRESSIVE;
				CLANG_CXX_LANGUAGE_STANDARD = "gnu++14";
				CLANG_CXX_LIBRARY = "libc++";
				CLANG_ENABLE_MODULES = YES;
				CLANG_ENABLE_OBJC_ARC = YES;
				CLANG_ENABLE_OBJC_WEAK = YES;
				CLANG_WARN_BLOCK_CAPTURE_AUTORELEASING = YES;
				CLANG_WARN_BOOL_CONVERSION = YES;
				CLANG_WARN_COMMA = YES;
				CLANG_WARN_CONSTANT_CONVERSION = YES;
				CLANG_WARN_DEPRECATED_OBJC_IMPLEMENTATIONS = YES;
				CLANG_WARN_DIRECT_OBJC_ISA_USAGE = YES_ERROR;
				CLANG_WARN_DOCUMENTATION_COMMENTS = YES;
				CLANG_WARN_EMPTY_BODY = YES;
				CLANG_WARN_ENUM_CONVERSION = YES;
				CLANG_WARN_INFINITE_RECURSION = YES;
				CLANG_WARN_INT_CONVERSION = YES;
				CLANG_WARN_NON_LITERAL_NULL_CONVERSION = YES;
				CLANG_WARN_OBJC_IMPLICIT_RETAIN_SELF = YES;
				CLANG_WARN_OBJC_LITERAL_CONVERSION = YES;
				CLANG_WARN_OBJC_ROOT_CLASS = YES_ERROR;
				CLANG_WARN_RANGE_LOOP_ANALYSIS = YES;
				CLANG_WARN_STRICT_PROTOTYPES = YES;
				CLANG_WARN_SUSPICIOUS_MOVE = YES;
				CLANG_WARN_UNGUARDED_AVAILABILITY = YES_AGGRESSIVE;
				CLANG_WARN_UNREACHABLE_CODE = YES;
				CLANG_WARN__DUPLICATE_METHOD_MATCH = YES;
				COPY_PHASE_STRIP = NO;
				DEBUG_INFORMATION_FORMAT = "dwarf-with-dsym";
				ENABLE_NS_ASSERTIONS = NO;
				ENABLE_STRICT_OBJC_MSGSEND = YES;
				GCC_C_LANGUAGE_STANDARD = gnu11;
				GCC_NO_COMMON_BLOCKS = YES;
				GCC_WARN_64_TO_32_BIT_CONVERSION = YES;
				GCC_WARN_ABOUT_RETURN_TYPE = YES_ERROR;
				GCC_WARN_UNDECLARED_SELECTOR = YES;
				GCC_WARN_UNINITIALIZED_AUTOS = YES_AGGRESSIVE;
				GCC_WARN_UNUSED_FUNCTION = YES;
				GCC_WARN_UNUSED_VARIABLE = YES;
				IPHONEOS_DEPLOYMENT_TARGET = 13.1;
				MTL_ENABLE_DEBUG_INFO = NO;
				MTL_FAST_MATH = YES;
				SDKROOT = iphoneos;
				SWIFT_COMPILATION_MODE = wholemodule;
				SWIFT_OPTIMIZATION_LEVEL = "-O";
				VALIDATE_PRODUCT = YES;
			};
			name = Release;
		};
		77FBD6A323A822D200F91A8C /* Debug */ = {
			isa = XCBuildConfiguration;
			baseConfigurationReference = 6EB3AF569AF7A2AAAF51227F /* Pods-WeatherCats.debug.xcconfig */;
			buildSettings = {
				ASSETCATALOG_COMPILER_APPICON_NAME = AppIcon;
				CODE_SIGN_ENTITLEMENTS = WeatherCats/WeatherCats.entitlements;
				CODE_SIGN_STYLE = Automatic;
				DEVELOPMENT_TEAM = 478W25T2R7;
				INFOPLIST_FILE = WeatherCats/Info.plist;
				LD_RUNPATH_SEARCH_PATHS = (
					"$(inherited)",
					"@executable_path/Frameworks",
				);
				PRODUCT_BUNDLE_IDENTIFIER = com.mycahkrason.WeatherCats;
				PRODUCT_NAME = "$(TARGET_NAME)";
				SWIFT_VERSION = 5.0;
				TARGETED_DEVICE_FAMILY = "1,2";
			};
			name = Debug;
		};
		77FBD6A423A822D200F91A8C /* Release */ = {
			isa = XCBuildConfiguration;
			baseConfigurationReference = 487AE82A9FDFF6A9EDD72C0C /* Pods-WeatherCats.release.xcconfig */;
			buildSettings = {
				ASSETCATALOG_COMPILER_APPICON_NAME = AppIcon;
				CODE_SIGN_ENTITLEMENTS = WeatherCats/WeatherCats.entitlements;
				CODE_SIGN_STYLE = Automatic;
				DEVELOPMENT_TEAM = 478W25T2R7;
				INFOPLIST_FILE = WeatherCats/Info.plist;
				LD_RUNPATH_SEARCH_PATHS = (
					"$(inherited)",
					"@executable_path/Frameworks",
				);
				PRODUCT_BUNDLE_IDENTIFIER = com.mycahkrason.WeatherCats;
				PRODUCT_NAME = "$(TARGET_NAME)";
				SWIFT_VERSION = 5.0;
				TARGETED_DEVICE_FAMILY = "1,2";
			};
			name = Release;
		};
/* End XCBuildConfiguration section */

/* Begin XCConfigurationList section */
		77FBD68923A822CE00F91A8C /* Build configuration list for PBXProject "WeatherCats" */ = {
			isa = XCConfigurationList;
			buildConfigurations = (
				77FBD6A023A822D200F91A8C /* Debug */,
				77FBD6A123A822D200F91A8C /* Release */,
			);
			defaultConfigurationIsVisible = 0;
			defaultConfigurationName = Release;
		};
		77FBD6A223A822D200F91A8C /* Build configuration list for PBXNativeTarget "WeatherCats" */ = {
			isa = XCConfigurationList;
			buildConfigurations = (
				77FBD6A323A822D200F91A8C /* Debug */,
				77FBD6A423A822D200F91A8C /* Release */,
			);
			defaultConfigurationIsVisible = 0;
			defaultConfigurationName = Release;
		};
/* End XCConfigurationList section */
	};
	rootObject = 77FBD68623A822CE00F91A8C /* Project object */;
}
